# This file is autogenerated, do not edit; changes may be undone by the next 'dep ensure'.


[[projects]]
  name = "github.com/ugorji/go"
  packages = ["codec"]
  revision = "9831f2c3ac1068a78f50999a30db84270f647af6"
  version = "v1.1"

[solve-meta]
  analyzer-name = "dep"
  analyzer-version = 1
  inputs-digest = "05b72959a8ab464417419eb83b10863d475ea65bd9d1e0ecfcdad2bd8bd8501f"
  solver-name = "gps-cdcl"
  solver-version = 1
